// !$*UTF8*$!
{
	archiveVersion = 1;
	classes = {
	};
	objectVersion = 50;
	objects = {

/* Begin PBXBuildFile section */
		9EB300E1253967AC00067134 /* AppDelegate.swift in Sources */ = {isa = PBXBuildFile; fileRef = 9EB300E0253967AC00067134 /* AppDelegate.swift */; };
		9EB300E3253967AC00067134 /* SceneDelegate.swift in Sources */ = {isa = PBXBuildFile; fileRef = 9EB300E2253967AC00067134 /* SceneDelegate.swift */; };
		9EB300E5253967AC00067134 /* ViewController.swift in Sources */ = {isa = PBXBuildFile; fileRef = 9EB300E4253967AC00067134 /* ViewController.swift */; };
		9EB300E8253967AC00067134 /* Main.storyboard in Resources */ = {isa = PBXBuildFile; fileRef = 9EB300E6253967AC00067134 /* Main.storyboard */; };
		9EB300EA253967AD00067134 /* Assets.xcassets in Resources */ = {isa = PBXBuildFile; fileRef = 9EB300E9253967AD00067134 /* Assets.xcassets */; };
		9EB300ED253967AD00067134 /* LaunchScreen.storyboard in Resources */ = {isa = PBXBuildFile; fileRef = 9EB300EB253967AD00067134 /* LaunchScreen.storyboard */; };
		9EB300F525396A8100067134 /* PassCodeTextField.swift in Sources */ = {isa = PBXBuildFile; fileRef = 9EB300F425396A8100067134 /* PassCodeTextField.swift */; };
		9EB300F725396B5900067134 /* PassCodeUIContainerView.swift in Sources */ = {isa = PBXBuildFile; fileRef = 9EB300F625396B5900067134 /* PassCodeUIContainerView.swift */; };
/* End PBXBuildFile section */

/* Begin PBXFileReference section */
		9EB300DD253967AC00067134 /* PassCodeFrameWork.app */ = {isa = PBXFileReference; explicitFileType = wrapper.application; includeInIndex = 0; path = PassCodeFrameWork.app; sourceTree = BUILT_PRODUCTS_DIR; };
		9EB300E0253967AC00067134 /* AppDelegate.swift */ = {isa = PBXFileReference; lastKnownFileType = sourcecode.swift; path = AppDelegate.swift; sourceTree = "<group>"; };
		9EB300E2253967AC00067134 /* SceneDelegate.swift */ = {isa = PBXFileReference; lastKnownFileType = sourcecode.swift; path = SceneDelegate.swift; sourceTree = "<group>"; };
		9EB300E4253967AC00067134 /* ViewController.swift */ = {isa = PBXFileReference; lastKnownFileType = sourcecode.swift; path = ViewController.swift; sourceTree = "<group>"; };
		9EB300E7253967AC00067134 /* Base */ = {isa = PBXFileReference; lastKnownFileType = file.storyboard; name = Base; path = Base.lproj/Main.storyboard; sourceTree = "<group>"; };
		9EB300E9253967AD00067134 /* Assets.xcassets */ = {isa = PBXFileReference; lastKnownFileType = folder.assetcatalog; path = Assets.xcassets; sourceTree = "<group>"; };
		9EB300EC253967AD00067134 /* Base */ = {isa = PBXFileReference; lastKnownFileType = file.storyboard; name = Base; path = Base.lproj/LaunchScreen.storyboard; sourceTree = "<group>"; };
		9EB300EE253967AD00067134 /* Info.plist */ = {isa = PBXFileReference; lastKnownFileType = text.plist.xml; path = Info.plist; sourceTree = "<group>"; };
		9EB300F425396A8100067134 /* PassCodeTextField.swift */ = {isa = PBXFileReference; lastKnownFileType = sourcecode.swift; path = PassCodeTextField.swift; sourceTree = "<group>"; };
		9EB300F625396B5900067134 /* PassCodeUIContainerView.swift */ = {isa = PBXFileReference; lastKnownFileType = sourcecode.swift; path = PassCodeUIContainerView.swift; sourceTree = "<group>"; };
/* End PBXFileReference section */

/* Begin PBXFrameworksBuildPhase section */
		9EB300DA253967AC00067134 /* Frameworks */ = {
			isa = PBXFrameworksBuildPhase;
			buildActionMask = 2147483647;
			files = (
			);
			runOnlyForDeploymentPostprocessing = 0;
		};
/* End PBXFrameworksBuildPhase section */

/* Begin PBXGroup section */
		9EB300D4253967AC00067134 = {
			isa = PBXGroup;
			children = (
				9EB300DF253967AC00067134 /* PassCodeFrameWork */,
				9EB300DE253967AC00067134 /* Products */,
			);
			sourceTree = "<group>";
		};
		9EB300DE253967AC00067134 /* Products */ = {
			isa = PBXGroup;
			children = (
				9EB300DD253967AC00067134 /* PassCodeFrameWork.app */,
			);
			name = Products;
			sourceTree = "<group>";
		};
		9EB300DF253967AC00067134 /* PassCodeFrameWork */ = {
			isa = PBXGroup;
			children = (
				9EB300E0253967AC00067134 /* AppDelegate.swift */,
				9EB300E2253967AC00067134 /* SceneDelegate.swift */,
				9EB300E4253967AC00067134 /* ViewController.swift */,
				9EB300F425396A8100067134 /* PassCodeTextField.swift */,
				9EB300F625396B5900067134 /* PassCodeUIContainerView.swift */,
				9EB300E6253967AC00067134 /* Main.storyboard */,
				9EB300E9253967AD00067134 /* Assets.xcassets */,
				9EB300EB253967AD00067134 /* LaunchScreen.storyboard */,
				9EB300EE253967AD00067134 /* Info.plist */,
			);
			path = PassCodeFrameWork;
			sourceTree = "<group>";
		};
/* End PBXGroup section */

/* Begin PBXNativeTarget section */
		9EB300DC253967AC00067134 /* PassCodeFrameWork */ = {
			isa = PBXNativeTarget;
			buildConfigurationList = 9EB300F1253967AD00067134 /* Build configuration list for PBXNativeTarget "PassCodeFrameWork" */;
			buildPhases = (
				9EB300D9253967AC00067134 /* Sources */,
				9EB300DA253967AC00067134 /* Frameworks */,
				9EB300DB253967AC00067134 /* Resources */,
			);
			buildRules = (
			);
			dependencies = (
			);
			name = PassCodeFrameWork;
			productName = PassCodeFrameWork;
			productReference = 9EB300DD253967AC00067134 /* PassCodeFrameWork.app */;
			productType = "com.apple.product-type.application";
		};
/* End PBXNativeTarget section */

/* Begin PBXProject section */
		9EB300D5253967AC00067134 /* Project object */ = {
			isa = PBXProject;
			attributes = {
				LastSwiftUpdateCheck = 1170;
				LastUpgradeCheck = 1170;
				ORGANIZATIONNAME = karan;
				TargetAttributes = {
					9EB300DC253967AC00067134 = {
						CreatedOnToolsVersion = 11.7;
					};
				};
			};
			buildConfigurationList = 9EB300D8253967AC00067134 /* Build configuration list for PBXProject "PassCodeFrameWork" */;
			compatibilityVersion = "Xcode 9.3";
			developmentRegion = en;
			hasScannedForEncodings = 0;
			knownRegions = (
				en,
				Base,
			);
			mainGroup = 9EB300D4253967AC00067134;
			productRefGroup = 9EB300DE253967AC00067134 /* Products */;
			projectDirPath = "";
			projectRoot = "";
			targets = (
				9EB300DC253967AC00067134 /* PassCodeFrameWork */,
			);
		};
/* End PBXProject section */

/* Begin PBXResourcesBuildPhase section */
		9EB300DB253967AC00067134 /* Resources */ = {
			isa = PBXResourcesBuildPhase;
			buildActionMask = 2147483647;
			files = (
				9EB300ED253967AD00067134 /* LaunchScreen.storyboard in Resources */,
				9EB300EA253967AD00067134 /* Assets.xcassets in Resources */,
				9EB300E8253967AC00067134 /* Main.storyboard in Resources */,
			);
			runOnlyForDeploymentPostprocessing = 0;
		};
/* End PBXResourcesBuildPhase section */

/* Begin PBXSourcesBuildPhase section */
		9EB300D9253967AC00067134 /* Sources */ = {
			isa = PBXSourcesBuildPhase;
			buildActionMask = 2147483647;
			files = (
				9EB300F725396B5900067134 /* PassCodeUIContainerView.swift in Sources */,
				9EB300E5253967AC00067134 /* ViewController.swift in Sources */,
				9EB300F525396A8100067134 /* PassCodeTextField.swift in Sources */,
				9EB300E1253967AC00067134 /* AppDelegate.swift in Sources */,
				9EB300E3253967AC00067134 /* SceneDelegate.swift in Sources */,
			);
			runOnlyForDeploymentPostprocessing = 0;
		};
/* End PBXSourcesBuildPhase section */

/* Begin PBXVariantGroup section */
		9EB300E6253967AC00067134 /* Main.storyboard */ = {
			isa = PBXVariantGroup;
			children = (
				9EB300E7253967AC00067134 /* Base */,
			);
			name = Main.storyboard;
			sourceTree = "<group>";
		};
		9EB300EB253967AD00067134 /* LaunchScreen.storyboard */ = {
			isa = PBXVariantGroup;
			children = (
				9EB300EC253967AD00067134 /* Base */,
			);
			name = LaunchScreen.storyboard;
			sourceTree = "<group>";
		};
/* End PBXVariantGroup section */

/* Begin XCBuildConfiguration section */
		9EB300EF253967AD00067134 /* Debug */ = {
			isa = XCBuildConfiguration;
			buildSettings = {
				ALWAYS_SEARCH_USER_PATHS = NO;
				CLANG_ANALYZER_NONNULL = YES;
				CLANG_ANALYZER_NUMBER_OBJECT_CONVERSION = YES_AGGRESSIVE;
				CLANG_CXX_LANGUAGE_STANDARD = "gnu++14";
				CLANG_CXX_LIBRARY = "libc++";
				CLANG_ENABLE_MODULES = YES;
				CLANG_ENABLE_OBJC_ARC = YES;
				CLANG_ENABLE_OBJC_WEAK = YES;
				CLANG_WARN_BLOCK_CAPTURE_AUTORELEASING = YES;
				CLANG_WARN_BOOL_CONVERSION = YES;
				CLANG_WARN_COMMA = YES;
				CLANG_WARN_CONSTANT_CONVERSION = YES;
				CLANG_WARN_DEPRECATED_OBJC_IMPLEMENTATIONS = YES;
				CLANG_WARN_DIRECT_OBJC_ISA_USAGE = YES_ERROR;
				CLANG_WARN_DOCUMENTATION_COMMENTS = YES;
				CLANG_WARN_EMPTY_BODY = YES;
				CLANG_WARN_ENUM_CONVERSION = YES;
				CLANG_WARN_INFINITE_RECURSION = YES;
				CLANG_WARN_INT_CONVERSION = YES;
				CLANG_WARN_NON_LITERAL_NULL_CONVERSION = YES;
				CLANG_WARN_OBJC_IMPLICIT_RETAIN_SELF = YES;
				CLANG_WARN_OBJC_LITERAL_CONVERSION = YES;
				CLANG_WARN_OBJC_ROOT_CLASS = YES_ERROR;
				CLANG_WARN_RANGE_LOOP_ANALYSIS = YES;
				CLANG_WARN_STRICT_PROTOTYPES = YES;
				CLANG_WARN_SUSPICIOUS_MOVE = YES;
				CLANG_WARN_UNGUARDED_AVAILABILITY = YES_AGGRESSIVE;
				CLANG_WARN_UNREACHABLE_CODE = YES;
				CLANG_WARN__DUPLICATE_METHOD_MATCH = YES;
				COPY_PHASE_STRIP = NO;
				DEBUG_INFORMATION_FORMAT = dwarf;
				ENABLE_STRICT_OBJC_MSGSEND = YES;
				ENABLE_TESTABILITY = YES;
				GCC_C_LANGUAGE_STANDARD = gnu11;
				GCC_DYNAMIC_NO_PIC = NO;
				GCC_NO_COMMON_BLOCKS = YES;
				GCC_OPTIMIZATION_LEVEL = 0;
				GCC_PREPROCESSOR_DEFINITIONS = (
					"DEBUG=1",
					"$(inherited)",
				);
				GCC_WARN_64_TO_32_BIT_CONVERSION = YES;
				GCC_WARN_ABOUT_RETURN_TYPE = YES_ERROR;
				GCC_WARN_UNDECLARED_SELECTOR = YES;
				GCC_WARN_UNINITIALIZED_AUTOS = YES_AGGRESSIVE;
				GCC_WARN_UNUSED_FUNCTION = YES;
				GCC_WARN_UNUSED_VARIABLE = YES;
				IPHONEOS_DEPLOYMENT_TARGET = 13.7;
				MTL_ENABLE_DEBUG_INFO = INCLUDE_SOURCE;
				MTL_FAST_MATH = YES;
				ONLY_ACTIVE_ARCH = YES;
				SDKROOT = iphoneos;
				SWIFT_ACTIVE_COMPILATION_CONDITIONS = DEBUG;
				SWIFT_OPTIMIZATION_LEVEL = "-Onone";
			};
			name = Debug;
		};
		9EB300F0253967AD00067134 /* Release */ = {
			isa = XCBuildConfiguration;
			buildSettings = {
				ALWAYS_SEARCH_USER_PATHS = NO;
				CLANG_ANALYZER_NONNULL = YES;
				CLANG_ANALYZER_NUMBER_OBJECT_CONVERSION = YES_AGGRESSIVE;
				CLANG_CXX_LANGUAGE_STANDARD = "gnu++14";
				CLANG_CXX_LIBRARY = "libc++";
				CLANG_ENABLE_MODULES = YES;
				CLANG_ENABLE_OBJC_ARC = YES;
				CLANG_ENABLE_OBJC_WEAK = YES;
				CLANG_WARN_BLOCK_CAPTURE_AUTORELEASING = YES;
				CLANG_WARN_BOOL_CONVERSION = YES;
				CLANG_WARN_COMMA = YES;
				CLANG_WARN_CONSTANT_CONVERSION = YES;
				CLANG_WARN_DEPRECATED_OBJC_IMPLEMENTATIONS = YES;
				CLANG_WARN_DIRECT_OBJC_ISA_USAGE = YES_ERROR;
				CLANG_WARN_DOCUMENTATION_COMMENTS = YES;
				CLANG_WARN_EMPTY_BODY = YES;
				CLANG_WARN_ENUM_CONVERSION = YES;
				CLANG_WARN_INFINITE_RECURSION = YES;
				CLANG_WARN_INT_CONVERSION = YES;
				CLANG_WARN_NON_LITERAL_NULL_CONVERSION = YES;
				CLANG_WARN_OBJC_IMPLICIT_RETAIN_SELF = YES;
				CLANG_WARN_OBJC_LITERAL_CONVERSION = YES;
				CLANG_WARN_OBJC_ROOT_CLASS = YES_ERROR;
				CLANG_WARN_RANGE_LOOP_ANALYSIS = YES;
				CLANG_WARN_STRICT_PROTOTYPES = YES;
				CLANG_WARN_SUSPICIOUS_MOVE = YES;
				CLANG_WARN_UNGUARDED_AVAILABILITY = YES_AGGRESSIVE;
				CLANG_WARN_UNREACHABLE_CODE = YES;
				CLANG_WARN__DUPLICATE_METHOD_MATCH = YES;
				COPY_PHASE_STRIP = NO;
				DEBUG_INFORMATION_FORMAT = "dwarf-with-dsym";
				ENABLE_NS_ASSERTIONS = NO;
				ENABLE_STRICT_OBJC_MSGSEND = YES;
				GCC_C_LANGUAGE_STANDARD = gnu11;
				GCC_NO_COMMON_BLOCKS = YES;
				GCC_WARN_64_TO_32_BIT_CONVERSION = YES;
				GCC_WARN_ABOUT_RETURN_TYPE = YES_ERROR;
				GCC_WARN_UNDECLARED_SELECTOR = YES;
				GCC_WARN_UNINITIALIZED_AUTOS = YES_AGGRESSIVE;
				GCC_WARN_UNUSED_FUNCTION = YES;
				GCC_WARN_UNUSED_VARIABLE = YES;
				IPHONEOS_DEPLOYMENT_TARGET = 13.7;
				MTL_ENABLE_DEBUG_INFO = NO;
				MTL_FAST_MATH = YES;
				SDKROOT = iphoneos;
				SWIFT_COMPILATION_MODE = wholemodule;
				SWIFT_OPTIMIZATION_LEVEL = "-O";
				VALIDATE_PRODUCT = YES;
			};
			name = Release;
		};
		9EB300F2253967AD00067134 /* Debug */ = {
			isa = XCBuildConfiguration;
			buildSettings = {
				ASSETCATALOG_COMPILER_APPICON_NAME = AppIcon;
				CODE_SIGN_STYLE = Automatic;
				DEVELOPMENT_TEAM = L5N6T4GFYK;
				INFOPLIST_FILE = PassCodeFrameWork/Info.plist;
				LD_RUNPATH_SEARCH_PATHS = (
					"$(inherited)",
					"@executable_path/Frameworks",
				);
				PRODUCT_BUNDLE_IDENTIFIER = karan.PassCodeFrameWork;
				PRODUCT_NAME = "$(TARGET_NAME)";
				SWIFT_VERSION = 5.0;
				TARGETED_DEVICE_FAMILY = "1,2";
			};
			name = Debug;
		};
		9EB300F3253967AD00067134 /* Release */ = {
			isa = XCBuildConfiguration;
			buildSettings = {
				ASSETCATALOG_COMPILER_APPICON_NAME = AppIcon;
				CODE_SIGN_STYLE = Automatic;
				DEVELOPMENT_TEAM = L5N6T4GFYK;
				INFOPLIST_FILE = PassCodeFrameWork/Info.plist;
				LD_RUNPATH_SEARCH_PATHS = (
					"$(inherited)",
					"@executable_path/Frameworks",
				);
				PRODUCT_BUNDLE_IDENTIFIER = karan.PassCodeFrameWork;
				PRODUCT_NAME = "$(TARGET_NAME)";
				SWIFT_VERSION = 5.0;
				TARGETED_DEVICE_FAMILY = "1,2";
			};
			name = Release;
		};
/* End XCBuildConfiguration section */

/* Begin XCConfigurationList section */
		9EB300D8253967AC00067134 /* Build configuration list for PBXProject "PassCodeFrameWork" */ = {
			isa = XCConfigurationList;
			buildConfigurations = (
				9EB300EF253967AD00067134 /* Debug */,
				9EB300F0253967AD00067134 /* Release */,
			);
			defaultConfigurationIsVisible = 0;
			defaultConfigurationName = Release;
		};
		9EB300F1253967AD00067134 /* Build configuration list for PBXNativeTarget "PassCodeFrameWork" */ = {
			isa = XCConfigurationList;
			buildConfigurations = (
				9EB300F2253967AD00067134 /* Debug */,
				9EB300F3253967AD00067134 /* Release */,
			);
			defaultConfigurationIsVisible = 0;
			defaultConfigurationName = Release;
		};
/* End XCConfigurationList section */
	};
	rootObject = 9EB300D5253967AC00067134 /* Project object */;
}
